// !$*UTF8*$!
{
	archiveVersion = 1;
	classes = {
	};
	objectVersion = 56;
	objects = {

/* Begin PBXBuildFile section */
		467375182CC2808500FFF53F /* Ecommerce_FullstackApp.swift in Sources */ = {isa = PBXBuildFile; fileRef = 467375172CC2808500FFF53F /* Ecommerce_FullstackApp.swift */; };
		4673751A2CC2808500FFF53F /* ContentView.swift in Sources */ = {isa = PBXBuildFile; fileRef = 467375192CC2808500FFF53F /* ContentView.swift */; };
		4673751C2CC2808700FFF53F /* Assets.xcassets in Resources */ = {isa = PBXBuildFile; fileRef = 4673751B2CC2808700FFF53F /* Assets.xcassets */; };
		4673751F2CC2808700FFF53F /* Preview Assets.xcassets in Resources */ = {isa = PBXBuildFile; fileRef = 4673751E2CC2808700FFF53F /* Preview Assets.xcassets */; };
		467375272CC2820D00FFF53F /* FormField.swift in Sources */ = {isa = PBXBuildFile; fileRef = 467375262CC2820D00FFF53F /* FormField.swift */; };
		4673752A2CC2826800FFF53F /* Utils.swift in Sources */ = {isa = PBXBuildFile; fileRef = 467375292CC2826800FFF53F /* Utils.swift */; };
		4673752C2CC2876B00FFF53F /* Navlink.swift in Sources */ = {isa = PBXBuildFile; fileRef = 4673752B2CC2876B00FFF53F /* Navlink.swift */; };
		4673752F2CC2891A00FFF53F /* Login.swift in Sources */ = {isa = PBXBuildFile; fileRef = 4673752E2CC2891A00FFF53F /* Login.swift */; };
		467375312CC2894900FFF53F /* MainTabView.swift in Sources */ = {isa = PBXBuildFile; fileRef = 467375302CC2894900FFF53F /* MainTabView.swift */; };
		467375342CC289E700FFF53F /* AuthVM.swift in Sources */ = {isa = PBXBuildFile; fileRef = 467375332CC289E700FFF53F /* AuthVM.swift */; };
		467375362CC291E100FFF53F /* ForgotPassword.swift in Sources */ = {isa = PBXBuildFile; fileRef = 467375352CC291E100FFF53F /* ForgotPassword.swift */; };
		46AE74072CC91CC700EA5834 /* HTTPClient.swift in Sources */ = {isa = PBXBuildFile; fileRef = 46AE74062CC91CC700EA5834 /* HTTPClient.swift */; };
		46AE740A2CC927CA00EA5834 /* User.swift in Sources */ = {isa = PBXBuildFile; fileRef = 46AE74092CC927CA00EA5834 /* User.swift */; };
		46F2CE542CC3CBCA00A584CD /* Register.swift in Sources */ = {isa = PBXBuildFile; fileRef = 46F2CE532CC3CBCA00A584CD /* Register.swift */; };
/* End PBXBuildFile section */

/* Begin PBXFileReference section */
		467375142CC2808500FFF53F /* Ecommerce-Fullstack.app */ = {isa = PBXFileReference; explicitFileType = wrapper.application; includeInIndex = 0; path = "Ecommerce-Fullstack.app"; sourceTree = BUILT_PRODUCTS_DIR; };
		467375172CC2808500FFF53F /* Ecommerce_FullstackApp.swift */ = {isa = PBXFileReference; lastKnownFileType = sourcecode.swift; path = Ecommerce_FullstackApp.swift; sourceTree = "<group>"; };
		467375192CC2808500FFF53F /* ContentView.swift */ = {isa = PBXFileReference; lastKnownFileType = sourcecode.swift; path = ContentView.swift; sourceTree = "<group>"; };
		4673751B2CC2808700FFF53F /* Assets.xcassets */ = {isa = PBXFileReference; lastKnownFileType = folder.assetcatalog; path = Assets.xcassets; sourceTree = "<group>"; };
		4673751E2CC2808700FFF53F /* Preview Assets.xcassets */ = {isa = PBXFileReference; lastKnownFileType = folder.assetcatalog; path = "Preview Assets.xcassets"; sourceTree = "<group>"; };
		467375262CC2820D00FFF53F /* FormField.swift */ = {isa = PBXFileReference; lastKnownFileType = sourcecode.swift; path = FormField.swift; sourceTree = "<group>"; };
		467375292CC2826800FFF53F /* Utils.swift */ = {isa = PBXFileReference; lastKnownFileType = sourcecode.swift; path = Utils.swift; sourceTree = "<group>"; };
		4673752B2CC2876B00FFF53F /* Navlink.swift */ = {isa = PBXFileReference; lastKnownFileType = sourcecode.swift; path = Navlink.swift; sourceTree = "<group>"; };
		4673752E2CC2891A00FFF53F /* Login.swift */ = {isa = PBXFileReference; lastKnownFileType = sourcecode.swift; path = Login.swift; sourceTree = "<group>"; };
		467375302CC2894900FFF53F /* MainTabView.swift */ = {isa = PBXFileReference; lastKnownFileType = sourcecode.swift; path = MainTabView.swift; sourceTree = "<group>"; };
		467375332CC289E700FFF53F /* AuthVM.swift */ = {isa = PBXFileReference; lastKnownFileType = sourcecode.swift; path = AuthVM.swift; sourceTree = "<group>"; };
		467375352CC291E100FFF53F /* ForgotPassword.swift */ = {isa = PBXFileReference; lastKnownFileType = sourcecode.swift; path = ForgotPassword.swift; sourceTree = "<group>"; };
		46AE74062CC91CC700EA5834 /* HTTPClient.swift */ = {isa = PBXFileReference; lastKnownFileType = sourcecode.swift; path = HTTPClient.swift; sourceTree = "<group>"; };
		46AE74092CC927CA00EA5834 /* User.swift */ = {isa = PBXFileReference; lastKnownFileType = sourcecode.swift; path = User.swift; sourceTree = "<group>"; };
		46F2CE532CC3CBCA00A584CD /* Register.swift */ = {isa = PBXFileReference; lastKnownFileType = sourcecode.swift; path = Register.swift; sourceTree = "<group>"; };
/* End PBXFileReference section */

/* Begin PBXFrameworksBuildPhase section */
		467375112CC2808500FFF53F /* Frameworks */ = {
			isa = PBXFrameworksBuildPhase;
			buildActionMask = 2147483647;
			files = (
			);
			runOnlyForDeploymentPostprocessing = 0;
		};
/* End PBXFrameworksBuildPhase section */

/* Begin PBXGroup section */
		4673750B2CC2808500FFF53F = {
			isa = PBXGroup;
			children = (
				467375162CC2808500FFF53F /* Ecommerce-Fullstack */,
				467375152CC2808500FFF53F /* Products */,
			);
			sourceTree = "<group>";
		};
		467375152CC2808500FFF53F /* Products */ = {
			isa = PBXGroup;
			children = (
				467375142CC2808500FFF53F /* Ecommerce-Fullstack.app */,
			);
			name = Products;
			sourceTree = "<group>";
		};
		467375162CC2808500FFF53F /* Ecommerce-Fullstack */ = {
			isa = PBXGroup;
			children = (
				46AE74082CC927BF00EA5834 /* Models */,
				467375322CC2899700FFF53F /* ViewModels */,
				467375282CC2821500FFF53F /* Services */,
				467375252CC280B200FFF53F /* Subviews */,
				4673752D2CC288AC00FFF53F /* Views */,
				467375172CC2808500FFF53F /* Ecommerce_FullstackApp.swift */,
				467375192CC2808500FFF53F /* ContentView.swift */,
				4673751B2CC2808700FFF53F /* Assets.xcassets */,
				4673751D2CC2808700FFF53F /* Preview Content */,
			);
			path = "Ecommerce-Fullstack";
			sourceTree = "<group>";
		};
		4673751D2CC2808700FFF53F /* Preview Content */ = {
			isa = PBXGroup;
			children = (
				4673751E2CC2808700FFF53F /* Preview Assets.xcassets */,
			);
			path = "Preview Content";
			sourceTree = "<group>";
		};
		467375252CC280B200FFF53F /* Subviews */ = {
			isa = PBXGroup;
			children = (
				467375262CC2820D00FFF53F /* FormField.swift */,
				4673752B2CC2876B00FFF53F /* Navlink.swift */,
			);
			path = Subviews;
			sourceTree = "<group>";
		};
		467375282CC2821500FFF53F /* Services */ = {
			isa = PBXGroup;
			children = (
				467375292CC2826800FFF53F /* Utils.swift */,
				46AE74062CC91CC700EA5834 /* HTTPClient.swift */,
			);
			path = Services;
			sourceTree = "<group>";
		};
		4673752D2CC288AC00FFF53F /* Views */ = {
			isa = PBXGroup;
			children = (
				4673752E2CC2891A00FFF53F /* Login.swift */,
				467375302CC2894900FFF53F /* MainTabView.swift */,
				467375352CC291E100FFF53F /* ForgotPassword.swift */,
				46F2CE532CC3CBCA00A584CD /* Register.swift */,
			);
			path = Views;
			sourceTree = "<group>";
		};
		467375322CC2899700FFF53F /* ViewModels */ = {
			isa = PBXGroup;
			children = (
				467375332CC289E700FFF53F /* AuthVM.swift */,
			);
			path = ViewModels;
			sourceTree = "<group>";
		};
		46AE74082CC927BF00EA5834 /* Models */ = {
			isa = PBXGroup;
			children = (
				46AE74092CC927CA00EA5834 /* User.swift */,
			);
			path = Models;
			sourceTree = "<group>";
		};
/* End PBXGroup section */

/* Begin PBXNativeTarget section */
		467375132CC2808500FFF53F /* Ecommerce-Fullstack */ = {
			isa = PBXNativeTarget;
			buildConfigurationList = 467375222CC2808700FFF53F /* Build configuration list for PBXNativeTarget "Ecommerce-Fullstack" */;
			buildPhases = (
				467375102CC2808500FFF53F /* Sources */,
				467375112CC2808500FFF53F /* Frameworks */,
				467375122CC2808500FFF53F /* Resources */,
			);
			buildRules = (
			);
			dependencies = (
			);
			name = "Ecommerce-Fullstack";
			productName = "Ecommerce-Fullstack";
			productReference = 467375142CC2808500FFF53F /* Ecommerce-Fullstack.app */;
			productType = "com.apple.product-type.application";
		};
/* End PBXNativeTarget section */

/* Begin PBXProject section */
		4673750C2CC2808500FFF53F /* Project object */ = {
			isa = PBXProject;
			attributes = {
				BuildIndependentTargetsInParallel = 1;
				LastSwiftUpdateCheck = 1540;
				LastUpgradeCheck = 1540;
				TargetAttributes = {
					467375132CC2808500FFF53F = {
						CreatedOnToolsVersion = 15.4;
					};
				};
			};
			buildConfigurationList = 4673750F2CC2808500FFF53F /* Build configuration list for PBXProject "Ecommerce-Fullstack" */;
			compatibilityVersion = "Xcode 14.0";
			developmentRegion = en;
			hasScannedForEncodings = 0;
			knownRegions = (
				en,
				Base,
			);
			mainGroup = 4673750B2CC2808500FFF53F;
			productRefGroup = 467375152CC2808500FFF53F /* Products */;
			projectDirPath = "";
			projectRoot = "";
			targets = (
				467375132CC2808500FFF53F /* Ecommerce-Fullstack */,
			);
		};
/* End PBXProject section */

/* Begin PBXResourcesBuildPhase section */
		467375122CC2808500FFF53F /* Resources */ = {
			isa = PBXResourcesBuildPhase;
			buildActionMask = 2147483647;
			files = (
				4673751F2CC2808700FFF53F /* Preview Assets.xcassets in Resources */,
				4673751C2CC2808700FFF53F /* Assets.xcassets in Resources */,
			);
			runOnlyForDeploymentPostprocessing = 0;
		};
/* End PBXResourcesBuildPhase section */

/* Begin PBXSourcesBuildPhase section */
		467375102CC2808500FFF53F /* Sources */ = {
			isa = PBXSourcesBuildPhase;
			buildActionMask = 2147483647;
			files = (
				467375272CC2820D00FFF53F /* FormField.swift in Sources */,
				4673752C2CC2876B00FFF53F /* Navlink.swift in Sources */,
				4673751A2CC2808500FFF53F /* ContentView.swift in Sources */,
				4673752F2CC2891A00FFF53F /* Login.swift in Sources */,
				46F2CE542CC3CBCA00A584CD /* Register.swift in Sources */,
				467375312CC2894900FFF53F /* MainTabView.swift in Sources */,
				46AE74072CC91CC700EA5834 /* HTTPClient.swift in Sources */,
				467375182CC2808500FFF53F /* Ecommerce_FullstackApp.swift in Sources */,
				46AE740A2CC927CA00EA5834 /* User.swift in Sources */,
				4673752A2CC2826800FFF53F /* Utils.swift in Sources */,
				467375342CC289E700FFF53F /* AuthVM.swift in Sources */,
				467375362CC291E100FFF53F /* ForgotPassword.swift in Sources */,
			);
			runOnlyForDeploymentPostprocessing = 0;
		};
/* End PBXSourcesBuildPhase section */

/* Begin XCBuildConfiguration section */
		467375202CC2808700FFF53F /* Debug */ = {
			isa = XCBuildConfiguration;
			buildSettings = {
				ALWAYS_SEARCH_USER_PATHS = NO;
				ASSETCATALOG_COMPILER_GENERATE_SWIFT_ASSET_SYMBOL_EXTENSIONS = YES;
				CLANG_ANALYZER_NONNULL = YES;
				CLANG_ANALYZER_NUMBER_OBJECT_CONVERSION = YES_AGGRESSIVE;
				CLANG_CXX_LANGUAGE_STANDARD = "gnu++20";
				CLANG_ENABLE_MODULES = YES;
				CLANG_ENABLE_OBJC_ARC = YES;
				CLANG_ENABLE_OBJC_WEAK = YES;
				CLANG_WARN_BLOCK_CAPTURE_AUTORELEASING = YES;
				CLANG_WARN_BOOL_CONVERSION = YES;
				CLANG_WARN_COMMA = YES;
				CLANG_WARN_CONSTANT_CONVERSION = YES;
				CLANG_WARN_DEPRECATED_OBJC_IMPLEMENTATIONS = YES;
				CLANG_WARN_DIRECT_OBJC_ISA_USAGE = YES_ERROR;
				CLANG_WARN_DOCUMENTATION_COMMENTS = YES;
				CLANG_WARN_EMPTY_BODY = YES;
				CLANG_WARN_ENUM_CONVERSION = YES;
				CLANG_WARN_INFINITE_RECURSION = YES;
				CLANG_WARN_INT_CONVERSION = YES;
				CLANG_WARN_NON_LITERAL_NULL_CONVERSION = YES;
				CLANG_WARN_OBJC_IMPLICIT_RETAIN_SELF = YES;
				CLANG_WARN_OBJC_LITERAL_CONVERSION = YES;
				CLANG_WARN_OBJC_ROOT_CLASS = YES_ERROR;
				CLANG_WARN_QUOTED_INCLUDE_IN_FRAMEWORK_HEADER = YES;
				CLANG_WARN_RANGE_LOOP_ANALYSIS = YES;
				CLANG_WARN_STRICT_PROTOTYPES = YES;
				CLANG_WARN_SUSPICIOUS_MOVE = YES;
				CLANG_WARN_UNGUARDED_AVAILABILITY = YES_AGGRESSIVE;
				CLANG_WARN_UNREACHABLE_CODE = YES;
				CLANG_WARN__DUPLICATE_METHOD_MATCH = YES;
				COPY_PHASE_STRIP = NO;
				DEBUG_INFORMATION_FORMAT = dwarf;
				ENABLE_STRICT_OBJC_MSGSEND = YES;
				ENABLE_TESTABILITY = YES;
				ENABLE_USER_SCRIPT_SANDBOXING = YES;
				GCC_C_LANGUAGE_STANDARD = gnu17;
				GCC_DYNAMIC_NO_PIC = NO;
				GCC_NO_COMMON_BLOCKS = YES;
				GCC_OPTIMIZATION_LEVEL = 0;
				GCC_PREPROCESSOR_DEFINITIONS = (
					"DEBUG=1",
					"$(inherited)",
				);
				GCC_WARN_64_TO_32_BIT_CONVERSION = YES;
				GCC_WARN_ABOUT_RETURN_TYPE = YES_ERROR;
				GCC_WARN_UNDECLARED_SELECTOR = YES;
				GCC_WARN_UNINITIALIZED_AUTOS = YES_AGGRESSIVE;
				GCC_WARN_UNUSED_FUNCTION = YES;
				GCC_WARN_UNUSED_VARIABLE = YES;
				IPHONEOS_DEPLOYMENT_TARGET = 17.5;
				LOCALIZATION_PREFERS_STRING_CATALOGS = YES;
				MTL_ENABLE_DEBUG_INFO = INCLUDE_SOURCE;
				MTL_FAST_MATH = YES;
				ONLY_ACTIVE_ARCH = YES;
				SDKROOT = iphoneos;
				SWIFT_ACTIVE_COMPILATION_CONDITIONS = "DEBUG $(inherited)";
				SWIFT_OPTIMIZATION_LEVEL = "-Onone";
			};
			name = Debug;
		};
		467375212CC2808700FFF53F /* Release */ = {
			isa = XCBuildConfiguration;
			buildSettings = {
				ALWAYS_SEARCH_USER_PATHS = NO;
				ASSETCATALOG_COMPILER_GENERATE_SWIFT_ASSET_SYMBOL_EXTENSIONS = YES;
				CLANG_ANALYZER_NONNULL = YES;
				CLANG_ANALYZER_NUMBER_OBJECT_CONVERSION = YES_AGGRESSIVE;
				CLANG_CXX_LANGUAGE_STANDARD = "gnu++20";
				CLANG_ENABLE_MODULES = YES;
				CLANG_ENABLE_OBJC_ARC = YES;
				CLANG_ENABLE_OBJC_WEAK = YES;
				CLANG_WARN_BLOCK_CAPTURE_AUTORELEASING = YES;
				CLANG_WARN_BOOL_CONVERSION = YES;
				CLANG_WARN_COMMA = YES;
				CLANG_WARN_CONSTANT_CONVERSION = YES;
				CLANG_WARN_DEPRECATED_OBJC_IMPLEMENTATIONS = YES;
				CLANG_WARN_DIRECT_OBJC_ISA_USAGE = YES_ERROR;
				CLANG_WARN_DOCUMENTATION_COMMENTS = YES;
				CLANG_WARN_EMPTY_BODY = YES;
				CLANG_WARN_ENUM_CONVERSION = YES;
				CLANG_WARN_INFINITE_RECURSION = YES;
				CLANG_WARN_INT_CONVERSION = YES;
				CLANG_WARN_NON_LITERAL_NULL_CONVERSION = YES;
				CLANG_WARN_OBJC_IMPLICIT_RETAIN_SELF = YES;
				CLANG_WARN_OBJC_LITERAL_CONVERSION = YES;
				CLANG_WARN_OBJC_ROOT_CLASS = YES_ERROR;
				CLANG_WARN_QUOTED_INCLUDE_IN_FRAMEWORK_HEADER = YES;
				CLANG_WARN_RANGE_LOOP_ANALYSIS = YES;
				CLANG_WARN_STRICT_PROTOTYPES = YES;
				CLANG_WARN_SUSPICIOUS_MOVE = YES;
				CLANG_WARN_UNGUARDED_AVAILABILITY = YES_AGGRESSIVE;
				CLANG_WARN_UNREACHABLE_CODE = YES;
				CLANG_WARN__DUPLICATE_METHOD_MATCH = YES;
				COPY_PHASE_STRIP = NO;
				DEBUG_INFORMATION_FORMAT = "dwarf-with-dsym";
				ENABLE_NS_ASSERTIONS = NO;
				ENABLE_STRICT_OBJC_MSGSEND = YES;
				ENABLE_USER_SCRIPT_SANDBOXING = YES;
				GCC_C_LANGUAGE_STANDARD = gnu17;
				GCC_NO_COMMON_BLOCKS = YES;
				GCC_WARN_64_TO_32_BIT_CONVERSION = YES;
				GCC_WARN_ABOUT_RETURN_TYPE = YES_ERROR;
				GCC_WARN_UNDECLARED_SELECTOR = YES;
				GCC_WARN_UNINITIALIZED_AUTOS = YES_AGGRESSIVE;
				GCC_WARN_UNUSED_FUNCTION = YES;
				GCC_WARN_UNUSED_VARIABLE = YES;
				IPHONEOS_DEPLOYMENT_TARGET = 17.5;
				LOCALIZATION_PREFERS_STRING_CATALOGS = YES;
				MTL_ENABLE_DEBUG_INFO = NO;
				MTL_FAST_MATH = YES;
				SDKROOT = iphoneos;
				SWIFT_COMPILATION_MODE = wholemodule;
				VALIDATE_PRODUCT = YES;
			};
			name = Release;
		};
		467375232CC2808700FFF53F /* Debug */ = {
			isa = XCBuildConfiguration;
			buildSettings = {
				ASSETCATALOG_COMPILER_APPICON_NAME = AppIcon;
				ASSETCATALOG_COMPILER_GLOBAL_ACCENT_COLOR_NAME = AccentColor;
				CODE_SIGN_STYLE = Automatic;
				CURRENT_PROJECT_VERSION = 1;
				DEVELOPMENT_ASSET_PATHS = "\"Ecommerce-Fullstack/Preview Content\"";
				DEVELOPMENT_TEAM = 8SBSSA37JJ;
				ENABLE_PREVIEWS = YES;
				GENERATE_INFOPLIST_FILE = YES;
				INFOPLIST_KEY_UIApplicationSceneManifest_Generation = YES;
				INFOPLIST_KEY_UIApplicationSupportsIndirectInputEvents = YES;
				INFOPLIST_KEY_UILaunchScreen_Generation = YES;
				INFOPLIST_KEY_UISupportedInterfaceOrientations_iPad = "UIInterfaceOrientationPortrait UIInterfaceOrientationPortraitUpsideDown UIInterfaceOrientationLandscapeLeft UIInterfaceOrientationLandscapeRight";
				INFOPLIST_KEY_UISupportedInterfaceOrientations_iPhone = "UIInterfaceOrientationPortrait UIInterfaceOrientationLandscapeLeft UIInterfaceOrientationLandscapeRight";
				LD_RUNPATH_SEARCH_PATHS = (
					"$(inherited)",
					"@executable_path/Frameworks",
				);
				MARKETING_VERSION = 1.0;
				PRODUCT_BUNDLE_IDENTIFIER = "KhoanDoanVan.Ecommerce-Fullstack";
				PRODUCT_NAME = "$(TARGET_NAME)";
				SWIFT_EMIT_LOC_STRINGS = YES;
				SWIFT_VERSION = 5.0;
				TARGETED_DEVICE_FAMILY = "1,2";
			};
			name = Debug;
		};
		467375242CC2808700FFF53F /* Release */ = {
			isa = XCBuildConfiguration;
			buildSettings = {
				ASSETCATALOG_COMPILER_APPICON_NAME = AppIcon;
				ASSETCATALOG_COMPILER_GLOBAL_ACCENT_COLOR_NAME = AccentColor;
				CODE_SIGN_STYLE = Automatic;
				CURRENT_PROJECT_VERSION = 1;
				DEVELOPMENT_ASSET_PATHS = "\"Ecommerce-Fullstack/Preview Content\"";
				DEVELOPMENT_TEAM = 8SBSSA37JJ;
				ENABLE_PREVIEWS = YES;
				GENERATE_INFOPLIST_FILE = YES;
				INFOPLIST_KEY_UIApplicationSceneManifest_Generation = YES;
				INFOPLIST_KEY_UIApplicationSupportsIndirectInputEvents = YES;
				INFOPLIST_KEY_UILaunchScreen_Generation = YES;
				INFOPLIST_KEY_UISupportedInterfaceOrientations_iPad = "UIInterfaceOrientationPortrait UIInterfaceOrientationPortraitUpsideDown UIInterfaceOrientationLandscapeLeft UIInterfaceOrientationLandscapeRight";
				INFOPLIST_KEY_UISupportedInterfaceOrientations_iPhone = "UIInterfaceOrientationPortrait UIInterfaceOrientationLandscapeLeft UIInterfaceOrientationLandscapeRight";
				LD_RUNPATH_SEARCH_PATHS = (
					"$(inherited)",
					"@executable_path/Frameworks",
				);
				MARKETING_VERSION = 1.0;
				PRODUCT_BUNDLE_IDENTIFIER = "KhoanDoanVan.Ecommerce-Fullstack";
				PRODUCT_NAME = "$(TARGET_NAME)";
				SWIFT_EMIT_LOC_STRINGS = YES;
				SWIFT_VERSION = 5.0;
				TARGETED_DEVICE_FAMILY = "1,2";
			};
			name = Release;
		};
/* End XCBuildConfiguration section */

/* Begin XCConfigurationList section */
		4673750F2CC2808500FFF53F /* Build configuration list for PBXProject "Ecommerce-Fullstack" */ = {
			isa = XCConfigurationList;
			buildConfigurations = (
				467375202CC2808700FFF53F /* Debug */,
				467375212CC2808700FFF53F /* Release */,
			);
			defaultConfigurationIsVisible = 0;
			defaultConfigurationName = Release;
		};
		467375222CC2808700FFF53F /* Build configuration list for PBXNativeTarget "Ecommerce-Fullstack" */ = {
			isa = XCConfigurationList;
			buildConfigurations = (
				467375232CC2808700FFF53F /* Debug */,
				467375242CC2808700FFF53F /* Release */,
			);
			defaultConfigurationIsVisible = 0;
			defaultConfigurationName = Release;
		};
/* End XCConfigurationList section */
	};
	rootObject = 4673750C2CC2808500FFF53F /* Project object */;
}
